schema: '2.0'
stages:
  data_ingestion:
    cmd: python -m src.Shipment_Price_Prediction.components.data_ingestion
    deps:
    - path: src/Shipment_Price_Prediction/components/data_ingestion.py
      hash: md5
      md5: 328ca64a4988cbd9277b57b84e107355
      size: 19501
    - path: src/Shipment_Price_Prediction/configuration/mongo_operation.py
      hash: md5
      md5: f7ba168d667bc822ad3ca6b99c65b6de
      size: 5441
    - path: src/Shipment_Price_Prediction/entity/config_entity.py
      hash: md5
      md5: 4792b9c1dd7eca3d968299235edc121a
      size: 8066
    outs:
    - path: Artifacts/Data_Ingestion_Artifacts
      hash: md5
      md5: 4646143d8fae57f60fde60d905e5eab9.dir
      size: 2581232
      nfiles: 2
  data_validation:
    cmd: python -m src.Shipment_Price_Prediction.components.data_validation
    deps:
    - path: Artifacts/Data_Ingestion_Artifacts
      hash: md5
      md5: 4646143d8fae57f60fde60d905e5eab9.dir
      size: 2581232
      nfiles: 2
    - path: src/Shipment_Price_Prediction/components/data_validation.py
      hash: md5
      md5: b7823a45bd765b55bf764d32cab5e37e
      size: 16549
    - path: src/Shipment_Price_Prediction/entity/config_entity.py
      hash: md5
      md5: 4792b9c1dd7eca3d968299235edc121a
      size: 8066
    - path: src/Shipment_Price_Prediction/utils/main_utils.py
      hash: md5
      md5: 4f8f1ba4c6c9889b1d1162ccc724eeda
      size: 11473
    outs:
    - path: Artifacts/Data_Validation_Artifacts
      hash: md5
      md5: 38c0dec53eafd978eee61fc455810e19.dir
      size: 612699
      nfiles: 1
  data_transformation:
    cmd: python -m src.Shipment_Price_Prediction.components.data_transformation
    deps:
    - path: Artifacts/Data_Validation_Artifacts
      hash: md5
      md5: 38c0dec53eafd978eee61fc455810e19.dir
      size: 612699
      nfiles: 1
    - path: src/Shipment_Price_Prediction/components/data_transformation.py
      hash: md5
      md5: 1aab96d3a61e1344a831c71aab2c6de4
      size: 24679
    - path: src/Shipment_Price_Prediction/entity/config_entity.py
      hash: md5
      md5: 4792b9c1dd7eca3d968299235edc121a
      size: 8066
    - path: src/Shipment_Price_Prediction/utils/main_utils.py
      hash: md5
      md5: 4f8f1ba4c6c9889b1d1162ccc724eeda
      size: 11473
    outs:
    - path: Artifacts/Data_Transformation_Artifacts
      hash: md5
      md5: eddb770190f2b7ed575d79fd4546f9ec.dir
      size: 40653239
      nfiles: 3
  model_trainer:
    cmd: python -m src.Shipment_Price_Prediction.components.model_trainer
    deps:
    - path: Artifacts/Data_Transformation_Artifacts
      hash: md5
      md5: eddb770190f2b7ed575d79fd4546f9ec.dir
      size: 40653239
      nfiles: 3
    - path: src/Shipment_Price_Prediction/components/model_trainer.py
      hash: md5
      md5: 8f4ca78973eaa192f863b846460ce851
      size: 10473
    - path: src/Shipment_Price_Prediction/entity/config_entity.py
      hash: md5
      md5: 4792b9c1dd7eca3d968299235edc121a
      size: 8066
    - path: src/Shipment_Price_Prediction/utils/main_utils.py
      hash: md5
      md5: 4f8f1ba4c6c9889b1d1162ccc724eeda
      size: 11473
  model_evaluation:
    cmd: python -m src.Shipment_Price_Prediction.components.model_evaluation
    deps:
    - path: Artifacts/Model_Trainer_Artifacts
      hash: md5
      md5: 6eefc6f3f07778aca3e1d454e3776597.dir
      size: 5170790
      nfiles: 1
    - path: src/Shipment_Price_Prediction/components/model_evaluation.py
      hash: md5
      md5: d7d860cc048261a147f9d2c984c6bac1
      size: 18815
    - path: src/Shipment_Price_Prediction/entity/config_entity.py
      hash: md5
      md5: 4792b9c1dd7eca3d968299235edc121a
      size: 8066
    - path: src/Shipment_Price_Prediction/utils/main_utils.py
      hash: md5
      md5: 4f8f1ba4c6c9889b1d1162ccc724eeda
      size: 11473
  model_pusher:
    cmd: python -m src.Shipment_Price_Prediction.components.model_pusher
    deps:
    - path: Artifacts/Model_Trainer_Artifacts
      hash: md5
      md5: 6eefc6f3f07778aca3e1d454e3776597.dir
      size: 5170790
      nfiles: 1
    - path: src/Shipment_Price_Prediction/components/model_pusher.py
      hash: md5
      md5: 497bb1ab7c02bd1bfe30f4400b5a442a
      size: 4321
    - path: src/Shipment_Price_Prediction/configuration/s3_operation.py
      hash: md5
      md5: 5a6239577128393b85d14828e62ad805
      size: 9917
    - path: src/Shipment_Price_Prediction/entity/config_entity.py
      hash: md5
      md5: 4792b9c1dd7eca3d968299235edc121a
      size: 8066
    - path: src/Shipment_Price_Prediction/utils/main_utils.py
      hash: md5
      md5: 4f8f1ba4c6c9889b1d1162ccc724eeda
      size: 11473
  s3_to_local_model:
    cmd: python -m src.Shipment_Price_Prediction.components.s3_to_local_model
    deps:
    - path: src/Shipment_Price_Prediction/components/s3_to_local_model.py
      hash: md5
      md5: fd62ad55a65736721f089f96b949a561
      size: 3578
    - path: src/Shipment_Price_Prediction/configuration/s3_operation.py
      hash: md5
      md5: 5a6239577128393b85d14828e62ad805
      size: 9917
    - path: src/Shipment_Price_Prediction/entity/config_entity.py
      hash: md5
      md5: 4792b9c1dd7eca3d968299235edc121a
      size: 8066
    - path: src/Shipment_Price_Prediction/utils/main_utils.py
      hash: md5
      md5: 4f8f1ba4c6c9889b1d1162ccc724eeda
      size: 11473
    outs:
    - path: Artifacts/S3_Best_Model_Artifacts
      hash: md5
      md5: 6eefc6f3f07778aca3e1d454e3776597.dir
      size: 5170790
      nfiles: 1
