schema: '2.0'
stages:
  data_ingestion:
    cmd: python -m src.Shipment_Price_Prediction.components.data_ingestion
    deps:
    - path: src/Shipment_Price_Prediction/components/data_ingestion.py
      hash: md5
      md5: 9b89854527ceecefecb0e06555b1d3d8
      size: 19730
    - path: src/Shipment_Price_Prediction/configuration/mongo_operation.py
      hash: md5
      md5: f7ba168d667bc822ad3ca6b99c65b6de
      size: 5441
    - path: src/Shipment_Price_Prediction/entity/config_entity.py
      hash: md5
      md5: 57dc45a73933a8704914154c8d8efd6b
      size: 8147
    outs:
    - path: Artifacts/Data_Ingestion_Artifacts
      hash: md5
      md5: 4b2512cf9c797edf46eb159410f98396.dir
      size: 2349241
      nfiles: 2
  data_validation:
    cmd: python -m src.Shipment_Price_Prediction.components.data_validation
    deps:
    - path: Artifacts/Data_Ingestion_Artifacts
      hash: md5
      md5: 4b2512cf9c797edf46eb159410f98396.dir
      size: 2349241
      nfiles: 2
    - path: src/Shipment_Price_Prediction/components/data_validation.py
      hash: md5
      md5: 9f24859ea6a5802f613ba97e2e03ccce
      size: 16612
    - path: src/Shipment_Price_Prediction/entity/config_entity.py
      hash: md5
      md5: 57dc45a73933a8704914154c8d8efd6b
      size: 8147
    - path: src/Shipment_Price_Prediction/utils/main_utils.py
      hash: md5
      md5: fa17d6e8c1b635223561f8b84c388af6
      size: 10832
    outs:
    - path: Artifacts/Data_Validation_Artifacts
      hash: md5
      md5: 2890c372070cc70c22ed14b2b051177f.dir
      size: 603367
      nfiles: 1
  data_transformation:
    cmd: python -m src.Shipment_Price_Prediction.components.data_transformation
    deps:
    - path: Artifacts/Data_Validation_Artifacts
      hash: md5
      md5: 2890c372070cc70c22ed14b2b051177f.dir
      size: 603367
      nfiles: 1
    - path: src/Shipment_Price_Prediction/components/data_transformation.py
      hash: md5
      md5: da440c7dbeb45556bcd2f26c6f807e4c
      size: 24743
    - path: src/Shipment_Price_Prediction/entity/config_entity.py
      hash: md5
      md5: 57dc45a73933a8704914154c8d8efd6b
      size: 8147
    - path: src/Shipment_Price_Prediction/utils/main_utils.py
      hash: md5
      md5: fa17d6e8c1b635223561f8b84c388af6
      size: 10832
    outs:
    - path: Artifacts/Data_Transformation_Artifacts
      hash: md5
      md5: f67d3284c39d7c090fde2403ad1ff633.dir
      size: 39582679
      nfiles: 3
  model_trainer:
    cmd: python -m src.Shipment_Price_Prediction.components.model_trainer
    deps:
    - path: Artifacts/Data_Transformation_Artifacts
      hash: md5
      md5: f67d3284c39d7c090fde2403ad1ff633.dir
      size: 39582679
      nfiles: 3
    - path: src/Shipment_Price_Prediction/components/model_trainer.py
      hash: md5
      md5: 1f4f7681b88dac023bab8fda8d070c6b
      size: 15522
    - path: src/Shipment_Price_Prediction/entity/config_entity.py
      hash: md5
      md5: 57dc45a73933a8704914154c8d8efd6b
      size: 8147
    - path: src/Shipment_Price_Prediction/utils/main_utils.py
      hash: md5
      md5: fa17d6e8c1b635223561f8b84c388af6
      size: 10832
  model_evaluation:
    cmd: python -m src.Shipment_Price_Prediction.components.model_evaluation
    deps:
    - path: Artifacts/Model_Trainer_Artifacts
      hash: md5
      md5: 1db9cfd6de0f086893985aace4183ee3.dir
      size: 25051431
      nfiles: 1
    - path: src/Shipment_Price_Prediction/components/model_evaluation.py
      hash: md5
      md5: 8038b70c64fce5d3054744f3a8ca5f08
      size: 18986
    - path: src/Shipment_Price_Prediction/entity/config_entity.py
      hash: md5
      md5: 57dc45a73933a8704914154c8d8efd6b
      size: 8147
    - path: src/Shipment_Price_Prediction/utils/main_utils.py
      hash: md5
      md5: fa17d6e8c1b635223561f8b84c388af6
      size: 10832
  model_pusher:
    cmd: python -m src.Shipment_Price_Prediction.components.model_pusher
    deps:
    - path: Artifacts/Model_Trainer_Artifacts
      hash: md5
      md5: 1db9cfd6de0f086893985aace4183ee3.dir
      size: 25051431
      nfiles: 1
    - path: src/Shipment_Price_Prediction/components/model_pusher.py
      hash: md5
      md5: 5ecdc662301b9b2237b5fe5c9209c888
      size: 4373
    - path: src/Shipment_Price_Prediction/configuration/s3_operation.py
      hash: md5
      md5: 16afaa8d329f5ff10f374a12c2e1ce6b
      size: 9975
    - path: src/Shipment_Price_Prediction/entity/config_entity.py
      hash: md5
      md5: 57dc45a73933a8704914154c8d8efd6b
      size: 8147
    - path: src/Shipment_Price_Prediction/utils/main_utils.py
      hash: md5
      md5: fa17d6e8c1b635223561f8b84c388af6
      size: 10832
  s3_to_local_model:
    cmd: python -m src.Shipment_Price_Prediction.components.s3_to_local_model
    deps:
    - path: src/Shipment_Price_Prediction/components/s3_to_local_model.py
      hash: md5
      md5: fd62ad55a65736721f089f96b949a561
      size: 3578
    - path: src/Shipment_Price_Prediction/configuration/s3_operation.py
      hash: md5
      md5: 16afaa8d329f5ff10f374a12c2e1ce6b
      size: 9975
    - path: src/Shipment_Price_Prediction/entity/config_entity.py
      hash: md5
      md5: 57dc45a73933a8704914154c8d8efd6b
      size: 8147
    - path: src/Shipment_Price_Prediction/utils/main_utils.py
      hash: md5
      md5: fa17d6e8c1b635223561f8b84c388af6
      size: 10832
    outs:
    - path: Artifacts/S3_Best_Model_Artifacts
      hash: md5
      md5: 1db9cfd6de0f086893985aace4183ee3.dir
      size: 25051431
      nfiles: 1
