schema: '2.0'
stages:
  data_ingestion:
    cmd: python -m src.Shipment_Price_Prediction.components.data_ingestion
    deps:
    - path: src/Shipment_Price_Prediction/components/data_ingestion.py
      hash: md5
      md5: 328ca64a4988cbd9277b57b84e107355
      size: 19501
    - path: src/Shipment_Price_Prediction/configuration/mongo_operation.py
      hash: md5
      md5: f7ba168d667bc822ad3ca6b99c65b6de
      size: 5441
    - path: src/Shipment_Price_Prediction/entity/config_entity.py
      hash: md5
      md5: 4792b9c1dd7eca3d968299235edc121a
      size: 8066
    outs:
    - path: Artifacts/Data_Ingestion_Artifacts
      hash: md5
      md5: 109750e7d9b05e5b684b25e37d65f8d8.dir
      size: 2581232
      nfiles: 2
  data_validation:
    cmd: python -m src.Shipment_Price_Prediction.components.data_validation
    deps:
    - path: Artifacts/Data_Ingestion_Artifacts
      hash: md5
      md5: 109750e7d9b05e5b684b25e37d65f8d8.dir
      size: 2581232
      nfiles: 2
    - path: src/Shipment_Price_Prediction/components/data_validation.py
      hash: md5
      md5: 9f24859ea6a5802f613ba97e2e03ccce
      size: 16612
    - path: src/Shipment_Price_Prediction/entity/config_entity.py
      hash: md5
      md5: 4792b9c1dd7eca3d968299235edc121a
      size: 8066
    - path: src/Shipment_Price_Prediction/utils/main_utils.py
      hash: md5
      md5: 4f8f1ba4c6c9889b1d1162ccc724eeda
      size: 11473
    outs:
    - path: Artifacts/Data_Validation_Artifacts
      hash: md5
      md5: ed10a97e23d91e540e6a4eec2dba4b9e.dir
      size: 611029
      nfiles: 1
  data_transformation:
    cmd: python -m src.Shipment_Price_Prediction.components.data_transformation
    deps:
    - path: Artifacts/Data_Validation_Artifacts
      hash: md5
      md5: ed10a97e23d91e540e6a4eec2dba4b9e.dir
      size: 611029
      nfiles: 1
    - path: src/Shipment_Price_Prediction/components/data_transformation.py
      hash: md5
      md5: da440c7dbeb45556bcd2f26c6f807e4c
      size: 24743
    - path: src/Shipment_Price_Prediction/entity/config_entity.py
      hash: md5
      md5: 4792b9c1dd7eca3d968299235edc121a
      size: 8066
    - path: src/Shipment_Price_Prediction/utils/main_utils.py
      hash: md5
      md5: 4f8f1ba4c6c9889b1d1162ccc724eeda
      size: 11473
    outs:
    - path: Artifacts/Data_Transformation_Artifacts
      hash: md5
      md5: 4821d922ff3ceef27b1177a6d7d1d7bf.dir
      size: 41802823
      nfiles: 3
  model_trainer:
    cmd: python -m src.Shipment_Price_Prediction.components.model_trainer
    deps:
    - path: Artifacts/Data_Transformation_Artifacts
      hash: md5
      md5: 4821d922ff3ceef27b1177a6d7d1d7bf.dir
      size: 41802823
      nfiles: 3
    - path: src/Shipment_Price_Prediction/components/model_trainer.py
      hash: md5
      md5: 61da0ef25d205b920b9ebc1fc5fd70f6
      size: 9178
    - path: src/Shipment_Price_Prediction/entity/config_entity.py
      hash: md5
      md5: 4792b9c1dd7eca3d968299235edc121a
      size: 8066
    - path: src/Shipment_Price_Prediction/utils/main_utils.py
      hash: md5
      md5: 4f8f1ba4c6c9889b1d1162ccc724eeda
      size: 11473
  model_evaluation:
    cmd: python -m src.Shipment_Price_Prediction.components.model_evaluation
    deps:
    - path: Artifacts/Model_Trainer_Artifacts
      hash: md5
      md5: 4c05c2b51013d6fa2a02f776f96e3794.dir
      size: 5153842
      nfiles: 1
    - path: src/Shipment_Price_Prediction/components/model_evaluation.py
      hash: md5
      md5: 8038b70c64fce5d3054744f3a8ca5f08
      size: 18986
    - path: src/Shipment_Price_Prediction/entity/config_entity.py
      hash: md5
      md5: 4792b9c1dd7eca3d968299235edc121a
      size: 8066
    - path: src/Shipment_Price_Prediction/utils/main_utils.py
      hash: md5
      md5: 4f8f1ba4c6c9889b1d1162ccc724eeda
      size: 11473
  model_pusher:
    cmd: python -m src.Shipment_Price_Prediction.components.model_pusher
    deps:
    - path: Artifacts/Model_Trainer_Artifacts
      hash: md5
      md5: 4c05c2b51013d6fa2a02f776f96e3794.dir
      size: 5153842
      nfiles: 1
    - path: src/Shipment_Price_Prediction/components/model_pusher.py
      hash: md5
      md5: 5ecdc662301b9b2237b5fe5c9209c888
      size: 4373
    - path: src/Shipment_Price_Prediction/configuration/s3_operation.py
      hash: md5
      md5: 16afaa8d329f5ff10f374a12c2e1ce6b
      size: 9975
    - path: src/Shipment_Price_Prediction/entity/config_entity.py
      hash: md5
      md5: 4792b9c1dd7eca3d968299235edc121a
      size: 8066
    - path: src/Shipment_Price_Prediction/utils/main_utils.py
      hash: md5
      md5: 4f8f1ba4c6c9889b1d1162ccc724eeda
      size: 11473
  s3_to_local_model:
    cmd: python -m src.Shipment_Price_Prediction.components.s3_to_local_model
    deps:
    - path: src/Shipment_Price_Prediction/components/s3_to_local_model.py
      hash: md5
      md5: fd62ad55a65736721f089f96b949a561
      size: 3578
    - path: src/Shipment_Price_Prediction/configuration/s3_operation.py
      hash: md5
      md5: 16afaa8d329f5ff10f374a12c2e1ce6b
      size: 9975
    - path: src/Shipment_Price_Prediction/entity/config_entity.py
      hash: md5
      md5: 4792b9c1dd7eca3d968299235edc121a
      size: 8066
    - path: src/Shipment_Price_Prediction/utils/main_utils.py
      hash: md5
      md5: 4f8f1ba4c6c9889b1d1162ccc724eeda
      size: 11473
    outs:
    - path: Artifacts/S3_Best_Model_Artifacts
      hash: md5
      md5: 4c05c2b51013d6fa2a02f776f96e3794.dir
      size: 5153842
      nfiles: 1
